Microsoft Visual Studio Solution File, Format Version 12.00
# Visual Studio 2012
Project("{FAE04EC0-301F-11D3-BF4B-00C04F79EFBC}") = "XHSystem", "XHSystem.csproj", "{97EE5D65-6D3D-4E84-8123-AEB8C7C38CA3}"
EndProject
Global
	GlobalSection(SolutionConfigurationPlatforms) = preSolution
	Debug|Any CPU = Debug|Any CPU
	ExportDebug|Any CPU = ExportDebug|Any CPU
	ExportRelease|Any CPU = ExportRelease|Any CPU
	EndGlobalSection
	GlobalSection(ProjectConfigurationPlatforms) = postSolution
		{97EE5D65-6D3D-4E84-8123-AEB8C7C38CA3}.Debug|Any CPU.ActiveCfg = Debug|Any CPU
		{97EE5D65-6D3D-4E84-8123-AEB8C7C38CA3}.Debug|Any CPU.Build.0 = Debug|Any CPU
		{97EE5D65-6D3D-4E84-8123-AEB8C7C38CA3}.ExportDebug|Any CPU.ActiveCfg = ExportDebug|Any CPU
		{97EE5D65-6D3D-4E84-8123-AEB8C7C38CA3}.ExportDebug|Any CPU.Build.0 = ExportDebug|Any CPU
		{97EE5D65-6D3D-4E84-8123-AEB8C7C38CA3}.ExportRelease|Any CPU.ActiveCfg = ExportRelease|Any CPU
		{97EE5D65-6D3D-4E84-8123-AEB8C7C38CA3}.ExportRelease|Any CPU.Build.0 = ExportRelease|Any CPU
	EndGlobalSection
EndGlobal
